PODS:
  - AppCenter (3.1.1):
    - AppCenter/Analytics (= 3.1.1)
    - AppCenter/Crashes (= 3.1.1)
  - AppCenter/Analytics (3.1.1):
    - AppCenter/Core
  - AppCenter/Core (3.1.1)
  - AppCenter/Crashes (3.1.1):
    - AppCenter/Core
  - AppCenter/Distribute (3.1.1):
    - AppCenter/Core
  - Flutter (1.0.0)
  - flutter_appcenter_bundle (0.0.1):
    - AppCenter (~> 3.1.1)
    - AppCenter/Distribute (~> 3.1.1)
    - Flutter
  - package_info (0.0.1):
    - Flutter

DEPENDENCIES:
  - Flutter (from `Flutter`)
  - flutter_appcenter_bundle (from `.symlinks/plugins/flutter_appcenter_bundle/ios`)
  - package_info (from `.symlinks/plugins/package_info/ios`)

SPEC REPOS:
  trunk:
    - AppCenter

EXTERNAL SOURCES:
  Flutter:
    :path: Flutter
  flutter_appcenter_bundle:
    :path: ".symlinks/plugins/flutter_appcenter_bundle/ios"
  package_info:
    :path: ".symlinks/plugins/package_info/ios"

SPEC CHECKSUMS:
  AppCenter: 513d32888854d67d8cfbd3a8db16aeb5fb2e2a75
  Flutter: 0e3d915762c693b495b44d77113d4970485de6ec
  flutter_appcenter_bundle: 27ae496de175a0b4983331bf887c5dd0c58ab838
  package_info: 48b108e75b8802c2d5e126f208ef540561c98aef

PODFILE CHECKSUM: 1d70c30602384d810fe07245fc37f78162e248e4

COCOAPODS: 1.9.1
